
Microsoft Visual Studio Solution File, Format Version 12.00
# Visual Studio Version 16
VisualStudioVersion = 16.0.30114.105
MinimumVisualStudioVersion = 10.0.40219.1
Project("{FAE04EC0-301F-11D3-BF4B-00C04F79EFBC}") = "API", "API\API.csproj", "{532BC9BA-88FF-4744-AA79-CE3FF14361D2}"
EndProject
Project("{FAE04EC0-301F-11D3-BF4B-00C04F79EFBC}") = "Core", "Core\Core.csproj", "{C7676694-1F5F-4DD2-A1E1-1691C8D5C1D8}"
EndProject
Project("{FAE04EC0-301F-11D3-BF4B-00C04F79EFBC}") = "Infrastructure", "Infrastructure\Infrastructure.csproj", "{CE69F3EC-6578-45D7-8B85-82C5659E9A51}"
EndProject
Global
	GlobalSection(SolutionConfigurationPlatforms) = preSolution
		Debug|Any CPU = Debug|Any CPU
		Debug|x64 = Debug|x64
		Debug|x86 = Debug|x86
		Release|Any CPU = Release|Any CPU
		Release|x64 = Release|x64
		Release|x86 = Release|x86
	EndGlobalSection
	GlobalSection(SolutionProperties) = preSolution
		HideSolutionNode = FALSE
	EndGlobalSection
	GlobalSection(ProjectConfigurationPlatforms) = postSolution
		{532BC9BA-88FF-4744-AA79-CE3FF14361D2}.Debug|Any CPU.ActiveCfg = Debug|Any CPU
		{532BC9BA-88FF-4744-AA79-CE3FF14361D2}.Debug|Any CPU.Build.0 = Debug|Any CPU
		{532BC9BA-88FF-4744-AA79-CE3FF14361D2}.Debug|x64.ActiveCfg = Debug|Any CPU
		{532BC9BA-88FF-4744-AA79-CE3FF14361D2}.Debug|x64.Build.0 = Debug|Any CPU
		{532BC9BA-88FF-4744-AA79-CE3FF14361D2}.Debug|x86.ActiveCfg = Debug|Any CPU
		{532BC9BA-88FF-4744-AA79-CE3FF14361D2}.Debug|x86.Build.0 = Debug|Any CPU
		{532BC9BA-88FF-4744-AA79-CE3FF14361D2}.Release|Any CPU.ActiveCfg = Release|Any CPU
		{532BC9BA-88FF-4744-AA79-CE3FF14361D2}.Release|Any CPU.Build.0 = Release|Any CPU
		{532BC9BA-88FF-4744-AA79-CE3FF14361D2}.Release|x64.ActiveCfg = Release|Any CPU
		{532BC9BA-88FF-4744-AA79-CE3FF14361D2}.Release|x64.Build.0 = Release|Any CPU
		{532BC9BA-88FF-4744-AA79-CE3FF14361D2}.Release|x86.ActiveCfg = Release|Any CPU
		{532BC9BA-88FF-4744-AA79-CE3FF14361D2}.Release|x86.Build.0 = Release|Any CPU
		{C7676694-1F5F-4DD2-A1E1-1691C8D5C1D8}.Debug|Any CPU.ActiveCfg = Debug|Any CPU
		{C7676694-1F5F-4DD2-A1E1-1691C8D5C1D8}.Debug|Any CPU.Build.0 = Debug|Any CPU
		{C7676694-1F5F-4DD2-A1E1-1691C8D5C1D8}.Debug|x64.ActiveCfg = Debug|Any CPU
		{C7676694-1F5F-4DD2-A1E1-1691C8D5C1D8}.Debug|x64.Build.0 = Debug|Any CPU
		{C7676694-1F5F-4DD2-A1E1-1691C8D5C1D8}.Debug|x86.ActiveCfg = Debug|Any CPU
		{C7676694-1F5F-4DD2-A1E1-1691C8D5C1D8}.Debug|x86.Build.0 = Debug|Any CPU
		{C7676694-1F5F-4DD2-A1E1-1691C8D5C1D8}.Release|Any CPU.ActiveCfg = Release|Any CPU
		{C7676694-1F5F-4DD2-A1E1-1691C8D5C1D8}.Release|Any CPU.Build.0 = Release|Any CPU
		{C7676694-1F5F-4DD2-A1E1-1691C8D5C1D8}.Release|x64.ActiveCfg = Release|Any CPU
		{C7676694-1F5F-4DD2-A1E1-1691C8D5C1D8}.Release|x64.Build.0 = Release|Any CPU
		{C7676694-1F5F-4DD2-A1E1-1691C8D5C1D8}.Release|x86.ActiveCfg = Release|Any CPU
		{C7676694-1F5F-4DD2-A1E1-1691C8D5C1D8}.Release|x86.Build.0 = Release|Any CPU
		{CE69F3EC-6578-45D7-8B85-82C5659E9A51}.Debug|Any CPU.ActiveCfg = Debug|Any CPU
		{CE69F3EC-6578-45D7-8B85-82C5659E9A51}.Debug|Any CPU.Build.0 = Debug|Any CPU
		{CE69F3EC-6578-45D7-8B85-82C5659E9A51}.Debug|x64.ActiveCfg = Debug|Any CPU
		{CE69F3EC-6578-45D7-8B85-82C5659E9A51}.Debug|x64.Build.0 = Debug|Any CPU
		{CE69F3EC-6578-45D7-8B85-82C5659E9A51}.Debug|x86.ActiveCfg = Debug|Any CPU
		{CE69F3EC-6578-45D7-8B85-82C5659E9A51}.Debug|x86.Build.0 = Debug|Any CPU
		{CE69F3EC-6578-45D7-8B85-82C5659E9A51}.Release|Any CPU.ActiveCfg = Release|Any CPU
		{CE69F3EC-6578-45D7-8B85-82C5659E9A51}.Release|Any CPU.Build.0 = Release|Any CPU
		{CE69F3EC-6578-45D7-8B85-82C5659E9A51}.Release|x64.ActiveCfg = Release|Any CPU
		{CE69F3EC-6578-45D7-8B85-82C5659E9A51}.Release|x64.Build.0 = Release|Any CPU
		{CE69F3EC-6578-45D7-8B85-82C5659E9A51}.Release|x86.ActiveCfg = Release|Any CPU
		{CE69F3EC-6578-45D7-8B85-82C5659E9A51}.Release|x86.Build.0 = Release|Any CPU
	EndGlobalSection
EndGlobal
